
Microsoft Visual Studio Solution File, Format Version 12.00
# Visual Studio 15
VisualStudioVersion = 15.0.28307.779
MinimumVisualStudioVersion = 10.0.40219.1
Project("{FAE04EC0-301F-11D3-BF4B-00C04F79EFBC}") = "Structural", "Structural\Structural.csproj", "{824572E5-BB34-4710-956E-CF38D3E43BD4}"
EndProject
Project("{FAE04EC0-301F-11D3-BF4B-00C04F79EFBC}") = "RealWorld", "RealWorld\RealWorld.csproj", "{2C744CB8-9143-44E7-B4C5-BDF06D91A261}"
EndProject
Project("{FAE04EC0-301F-11D3-BF4B-00C04F79EFBC}") = "Optimized", "DotNetOptimized\Optimized.csproj", "{616E3E73-5105-4E6C-AD4A-0D274949B01B}"
EndProject
Global
	GlobalSection(SolutionConfigurationPlatforms) = preSolution
		Debug|Any CPU = Debug|Any CPU
		Release|Any CPU = Release|Any CPU
	EndGlobalSection
	GlobalSection(ProjectConfigurationPlatforms) = postSolution
		{824572E5-BB34-4710-956E-CF38D3E43BD4}.Debug|Any CPU.ActiveCfg = Debug|Any CPU
		{824572E5-BB34-4710-956E-CF38D3E43BD4}.Debug|Any CPU.Build.0 = Debug|Any CPU
		{824572E5-BB34-4710-956E-CF38D3E43BD4}.Release|Any CPU.ActiveCfg = Release|Any CPU
		{824572E5-BB34-4710-956E-CF38D3E43BD4}.Release|Any CPU.Build.0 = Release|Any CPU
		{2C744CB8-9143-44E7-B4C5-BDF06D91A261}.Debug|Any CPU.ActiveCfg = Debug|Any CPU
		{2C744CB8-9143-44E7-B4C5-BDF06D91A261}.Debug|Any CPU.Build.0 = Debug|Any CPU
		{2C744CB8-9143-44E7-B4C5-BDF06D91A261}.Release|Any CPU.ActiveCfg = Release|Any CPU
		{2C744CB8-9143-44E7-B4C5-BDF06D91A261}.Release|Any CPU.Build.0 = Release|Any CPU
		{616E3E73-5105-4E6C-AD4A-0D274949B01B}.Debug|Any CPU.ActiveCfg = Debug|Any CPU
		{616E3E73-5105-4E6C-AD4A-0D274949B01B}.Debug|Any CPU.Build.0 = Debug|Any CPU
		{616E3E73-5105-4E6C-AD4A-0D274949B01B}.Release|Any CPU.ActiveCfg = Release|Any CPU
		{616E3E73-5105-4E6C-AD4A-0D274949B01B}.Release|Any CPU.Build.0 = Release|Any CPU
	EndGlobalSection
	GlobalSection(SolutionProperties) = preSolution
		HideSolutionNode = FALSE
	EndGlobalSection
	GlobalSection(ExtensibilityGlobals) = postSolution
		SolutionGuid = {E4F4FE7D-50FB-46DD-86BC-5DB7F16E5D72}
	EndGlobalSection
EndGlobal
